// !$*UTF8*$!
{
	archiveVersion = 1;
	classes = {
	};
	objectVersion = 77;
	objects = {

/* Begin PBXContainerItemProxy section */
		7FFBF8F32EACDC7500844BE1 /* PBXContainerItemProxy */ = {
			isa = PBXContainerItemProxy;
			containerPortal = 7FFBF8D42EACDC7300844BE1 /* Project object */;
			proxyType = 1;
			remoteGlobalIDString = 7FFBF8DB2EACDC7300844BE1;
			remoteInfo = sampleProjectFile;
		};
		7FFBF8FD2EACDC7500844BE1 /* PBXContainerItemProxy */ = {
			isa = PBXContainerItemProxy;
			containerPortal = 7FFBF8D42EACDC7300844BE1 /* Project object */;
			proxyType = 1;
			remoteGlobalIDString = 7FFBF8DB2EACDC7300844BE1;
			remoteInfo = sampleProjectFile;
		};
/* End PBXContainerItemProxy section */

/* Begin PBXFileReference section */
		7FFBF8DC2EACDC7300844BE1 /* sampleProjectFile.app */ = {isa = PBXFileReference; explicitFileType = wrapper.application; includeInIndex = 0; path = sampleProjectFile.app; sourceTree = BUILT_PRODUCTS_DIR; };
		7FFBF8F22EACDC7500844BE1 /* sampleProjectFileTests.xctest */ = {isa = PBXFileReference; explicitFileType = wrapper.cfbundle; includeInIndex = 0; path = sampleProjectFileTests.xctest; sourceTree = BUILT_PRODUCTS_DIR; };
		7FFBF8FC2EACDC7500844BE1 /* sampleProjectFileUITests.xctest */ = {isa = PBXFileReference; explicitFileType = wrapper.cfbundle; includeInIndex = 0; path = sampleProjectFileUITests.xctest; sourceTree = BUILT_PRODUCTS_DIR; };
/* End PBXFileReference section */

/* Begin PBXFileSystemSynchronizedBuildFileExceptionSet section */
		7FFBF9042EACDC7500844BE1 /* Exceptions for "sampleProjectFile" folder in "sampleProjectFile" target */ = {
			isa = PBXFileSystemSynchronizedBuildFileExceptionSet;
			membershipExceptions = (
				Info.plist,
			);
			target = 7FFBF8DB2EACDC7300844BE1 /* sampleProjectFile */;
		};
/* End PBXFileSystemSynchronizedBuildFileExceptionSet section */

/* Begin PBXFileSystemSynchronizedRootGroup section */
		7FFBF8DE2EACDC7300844BE1 /* sampleProjectFile */ = {
			isa = PBXFileSystemSynchronizedRootGroup;
			exceptions = (
				7FFBF9042EACDC7500844BE1 /* Exceptions for "sampleProjectFile" folder in "sampleProjectFile" target */,
			);
			path = sampleProjectFile;
			sourceTree = "<group>";
		};
		7FFBF8F52EACDC7500844BE1 /* sampleProjectFileTests */ = {
			isa = PBXFileSystemSynchronizedRootGroup;
			path = sampleProjectFileTests;
			sourceTree = "<group>";
		};
		7FFBF8FF2EACDC7500844BE1 /* sampleProjectFileUITests */ = {
			isa = PBXFileSystemSynchronizedRootGroup;
			path = sampleProjectFileUITests;
			sourceTree = "<group>";
		};
/* End PBXFileSystemSynchronizedRootGroup section */

/* Begin PBXFrameworksBuildPhase section */
		7FFBF8D92EACDC7300844BE1 /* Frameworks */ = {
			isa = PBXFrameworksBuildPhase;
			buildActionMask = 2147483647;
			files = (
			);
			runOnlyForDeploymentPostprocessing = 0;
		};
		7FFBF8EF2EACDC7500844BE1 /* Frameworks */ = {
			isa = PBXFrameworksBuildPhase;
			buildActionMask = 2147483647;
			files = (
			);
			runOnlyForDeploymentPostprocessing = 0;
		};
		7FFBF8F92EACDC7500844BE1 /* Frameworks */ = {
			isa = PBXFrameworksBuildPhase;
			buildActionMask = 2147483647;
			files = (
			);
			runOnlyForDeploymentPostprocessing = 0;
		};
/* End PBXFrameworksBuildPhase section */

/* Begin PBXGroup section */
		7FFBF8D32EACDC7300844BE1 = {
			isa = PBXGroup;
			children = (
				7FFBF8DE2EACDC7300844BE1 /* sampleProjectFile */,
				7FFBF8F52EACDC7500844BE1 /* sampleProjectFileTests */,
				7FFBF8FF2EACDC7500844BE1 /* sampleProjectFileUITests */,
				7FFBF8DD2EACDC7300844BE1 /* Products */,
			);
			sourceTree = "<group>";
		};
		7FFBF8DD2EACDC7300844BE1 /* Products */ = {
			isa = PBXGroup;
			children = (
				7FFBF8DC2EACDC7300844BE1 /* sampleProjectFile.app */,
				7FFBF8F22EACDC7500844BE1 /* sampleProjectFileTests.xctest */,
				7FFBF8FC2EACDC7500844BE1 /* sampleProjectFileUITests.xctest */,
			);
			name = Products;
			sourceTree = "<group>";
		};
/* End PBXGroup section */

/* Begin PBXNativeTarget section */
		7FFBF8DB2EACDC7300844BE1 /* sampleProjectFile */ = {
			isa = PBXNativeTarget;
			buildConfigurationList = 7FFBF9052EACDC7500844BE1 /* Build configuration list for PBXNativeTarget "sampleProjectFile" */;
			buildPhases = (
				7FFBF8D82EACDC7300844BE1 /* Sources */,
				7FFBF8D92EACDC7300844BE1 /* Frameworks */,
				7FFBF8DA2EACDC7300844BE1 /* Resources */,
			);
			buildRules = (
			);
			dependencies = (
			);
			fileSystemSynchronizedGroups = (
				7FFBF8DE2EACDC7300844BE1 /* sampleProjectFile */,
			);
			name = sampleProjectFile;
			packageProductDependencies = (
			);
			productName = sampleProjectFile;
			productReference = 7FFBF8DC2EACDC7300844BE1 /* sampleProjectFile.app */;
			productType = "com.apple.product-type.application";
		};
		7FFBF8F12EACDC7500844BE1 /* sampleProjectFileTests */ = {
			isa = PBXNativeTarget;
			buildConfigurationList = 7FFBF90A2EACDC7500844BE1 /* Build configuration list for PBXNativeTarget "sampleProjectFileTests" */;
			buildPhases = (
				7FFBF8EE2EACDC7500844BE1 /* Sources */,
				7FFBF8EF2EACDC7500844BE1 /* Frameworks */,
				7FFBF8F02EACDC7500844BE1 /* Resources */,
			);
			buildRules = (
			);
			dependencies = (
				7FFBF8F42EACDC7500844BE1 /* PBXTargetDependency */,
			);
			fileSystemSynchronizedGroups = (
				7FFBF8F52EACDC7500844BE1 /* sampleProjectFileTests */,
			);
			name = sampleProjectFileTests;
			packageProductDependencies = (
			);
			productName = sampleProjectFileTests;
			productReference = 7FFBF8F22EACDC7500844BE1 /* sampleProjectFileTests.xctest */;
			productType = "com.apple.product-type.bundle.unit-test";
		};
		7FFBF8FB2EACDC7500844BE1 /* sampleProjectFileUITests */ = {
			isa = PBXNativeTarget;
			buildConfigurationList = 7FFBF90D2EACDC7500844BE1 /* Build configuration list for PBXNativeTarget "sampleProjectFileUITests" */;
			buildPhases = (
				7FFBF8F82EACDC7500844BE1 /* Sources */,
				7FFBF8F92EACDC7500844BE1 /* Frameworks */,
				7FFBF8FA2EACDC7500844BE1 /* Resources */,
			);
			buildRules = (
			);
			dependencies = (
				7FFBF8FE2EACDC7500844BE1 /* PBXTargetDependency */,
			);
			fileSystemSynchronizedGroups = (
				7FFBF8FF2EACDC7500844BE1 /* sampleProjectFileUITests */,
			);
			name = sampleProjectFileUITests;
			packageProductDependencies = (
			);
			productName = sampleProjectFileUITests;
			productReference = 7FFBF8FC2EACDC7500844BE1 /* sampleProjectFileUITests.xctest */;
			productType = "com.apple.product-type.bundle.ui-testing";
		};
/* End PBXNativeTarget section */

/* Begin PBXProject section */
		7FFBF8D42EACDC7300844BE1 /* Project object */ = {
			isa = PBXProject;
			attributes = {
				BuildIndependentTargetsInParallel = 1;
				LastSwiftUpdateCheck = 1640;
				LastUpgradeCheck = 1640;
				TargetAttributes = {
					7FFBF8DB2EACDC7300844BE1 = {
						CreatedOnToolsVersion = 16.4;
					};
					7FFBF8F12EACDC7500844BE1 = {
						CreatedOnToolsVersion = 16.4;
						TestTargetID = 7FFBF8DB2EACDC7300844BE1;
					};
					7FFBF8FB2EACDC7500844BE1 = {
						CreatedOnToolsVersion = 16.4;
						TestTargetID = 7FFBF8DB2EACDC7300844BE1;
					};
				};
			};
			buildConfigurationList = 7FFBF8D72EACDC7300844BE1 /* Build configuration list for PBXProject "sampleProjectFile" */;
			developmentRegion = en;
			hasScannedForEncodings = 0;
			knownRegions = (
				en,
				Base,
			);
			mainGroup = 7FFBF8D32EACDC7300844BE1;
			minimizedProjectReferenceProxies = 1;
			preferredProjectObjectVersion = 77;
			productRefGroup = 7FFBF8DD2EACDC7300844BE1 /* Products */;
			projectDirPath = "";
			projectRoot = "";
			targets = (
				7FFBF8DB2EACDC7300844BE1 /* sampleProjectFile */,
				7FFBF8F12EACDC7500844BE1 /* sampleProjectFileTests */,
				7FFBF8FB2EACDC7500844BE1 /* sampleProjectFileUITests */,
			);
		};
/* End PBXProject section */

/* Begin PBXResourcesBuildPhase section */
		7FFBF8DA2EACDC7300844BE1 /* Resources */ = {
			isa = PBXResourcesBuildPhase;
			buildActionMask = 2147483647;
			files = (
			);
			runOnlyForDeploymentPostprocessing = 0;
		};
		7FFBF8F02EACDC7500844BE1 /* Resources */ = {
			isa = PBXResourcesBuildPhase;
			buildActionMask = 2147483647;
			files = (
			);
			runOnlyForDeploymentPostprocessing = 0;
		};
		7FFBF8FA2EACDC7500844BE1 /* Resources */ = {
			isa = PBXResourcesBuildPhase;
			buildActionMask = 2147483647;
			files = (
			);
			runOnlyForDeploymentPostprocessing = 0;
		};
/* End PBXResourcesBuildPhase section */

/* Begin PBXSourcesBuildPhase section */
		7FFBF8D82EACDC7300844BE1 /* Sources */ = {
			isa = PBXSourcesBuildPhase;
			buildActionMask = 2147483647;
			files = (
			);
			runOnlyForDeploymentPostprocessing = 0;
		};
		7FFBF8EE2EACDC7500844BE1 /* Sources */ = {
			isa = PBXSourcesBuildPhase;
			buildActionMask = 2147483647;
			files = (
			);
			runOnlyForDeploymentPostprocessing = 0;
		};
		7FFBF8F82EACDC7500844BE1 /* Sources */ = {
			isa = PBXSourcesBuildPhase;
			buildActionMask = 2147483647;
			files = (
			);
			runOnlyForDeploymentPostprocessing = 0;
		};
/* End PBXSourcesBuildPhase section */

/* Begin PBXTargetDependency section */
		7FFBF8F42EACDC7500844BE1 /* PBXTargetDependency */ = {
			isa = PBXTargetDependency;
			target = 7FFBF8DB2EACDC7300844BE1 /* sampleProjectFile */;
			targetProxy = 7FFBF8F32EACDC7500844BE1 /* PBXContainerItemProxy */;
		};
		7FFBF8FE2EACDC7500844BE1 /* PBXTargetDependency */ = {
			isa = PBXTargetDependency;
			target = 7FFBF8DB2EACDC7300844BE1 /* sampleProjectFile */;
			targetProxy = 7FFBF8FD2EACDC7500844BE1 /* PBXContainerItemProxy */;
		};
/* End PBXTargetDependency section */

/* Begin XCBuildConfiguration section */
		7FFBF9062EACDC7500844BE1 /* Debug */ = {
			isa = XCBuildConfiguration;
			buildSettings = {
				ASSETCATALOG_COMPILER_APPICON_NAME = AppIcon;
				ASSETCATALOG_COMPILER_GLOBAL_ACCENT_COLOR_NAME = AccentColor;
				CODE_SIGN_STYLE = Automatic;
				CURRENT_PROJECT_VERSION = 1;
				GENERATE_INFOPLIST_FILE = YES;
				INFOPLIST_FILE = sampleProjectFile/Info.plist;
				INFOPLIST_KEY_UIApplicationSupportsIndirectInputEvents = YES;
				INFOPLIST_KEY_UILaunchStoryboardName = LaunchScreen;
				INFOPLIST_KEY_UIMainStoryboardFile = Main;
				INFOPLIST_KEY_UISupportedInterfaceOrientations_iPad = "UIInterfaceOrientationPortrait UIInterfaceOrientationPortraitUpsideDown UIInterfaceOrientationLandscapeLeft UIInterfaceOrientationLandscapeRight";
				INFOPLIST_KEY_UISupportedInterfaceOrientations_iPhone = "UIInterfaceOrientationPortrait UIInterfaceOrientationLandscapeLeft UIInterfaceOrientationLandscapeRight";
				LD_RUNPATH_SEARCH_PATHS = (
					"$(inherited)",
					"@executable_path/Frameworks",
				);
				MARKETING_VERSION = 1.0;
				PRODUCT_BUNDLE_IDENTIFIER = app.myoji.nikname.sampleProjectFile;
				PRODUCT_NAME = "$(TARGET_NAME)";
				SWIFT_EMIT_LOC_STRINGS = YES;
				SWIFT_VERSION = 5.0;
				TARGETED_DEVICE_FAMILY = "1,2";
			};
			name = Debug;
		};
		7FFBF9072EACDC7500844BE1 /* Release */ = {
			isa = XCBuildConfiguration;
			buildSettings = {
				ASSETCATALOG_COMPILER_APPICON_NAME = AppIcon;
				ASSETCATALOG_COMPILER_GLOBAL_ACCENT_COLOR_NAME = AccentColor;
				CODE_SIGN_STYLE = Automatic;
				CURRENT_PROJECT_VERSION = 1;
				GENERATE_INFOPLIST_FILE = YES;
				INFOPLIST_FILE = sampleProjectFile/Info.plist;
				INFOPLIST_KEY_UIApplicationSupportsIndirectInputEvents = YES;
				INFOPLIST_KEY_UILaunchStoryboardName = LaunchScreen;
				INFOPLIST_KEY_UIMainStoryboardFile = Main;
				INFOPLIST_KEY_UISupportedInterfaceOrientations_iPad = "UIInterfaceOrientationPortrait UIInterfaceOrientationPortraitUpsideDown UIInterfaceOrientationLandscapeLeft UIInterfaceOrientationLandscapeRight";
				INFOPLIST_KEY_UISupportedInterfaceOrientations_iPhone = "UIInterfaceOrientationPortrait UIInterfaceOrientationLandscapeLeft UIInterfaceOrientationLandscapeRight";
				LD_RUNPATH_SEARCH_PATHS = (
					"$(inherited)",
					"@executable_path/Frameworks",
				);
				MARKETING_VERSION = 1.0;
				PRODUCT_BUNDLE_IDENTIFIER = app.myoji.nikname.sampleProjectFile;
				PRODUCT_NAME = "$(TARGET_NAME)";
				SWIFT_EMIT_LOC_STRINGS = YES;
				SWIFT_VERSION = 5.0;
				TARGETED_DEVICE_FAMILY = "1,2";
			};
			name = Release;
		};
		7FFBF9082EACDC7500844BE1 /* Debug */ = {
			isa = XCBuildConfiguration;
			buildSettings = {
				ALWAYS_SEARCH_USER_PATHS = NO;
				ASSETCATALOG_COMPILER_GENERATE_SWIFT_ASSET_SYMBOL_EXTENSIONS = YES;
				CLANG_ANALYZER_NONNULL = YES;
				CLANG_ANALYZER_NUMBER_OBJECT_CONVERSION = YES_AGGRESSIVE;
				CLANG_CXX_LANGUAGE_STANDARD = "gnu++20";
				CLANG_ENABLE_MODULES = YES;
				CLANG_ENABLE_OBJC_ARC = YES;
				CLANG_ENABLE_OBJC_WEAK = YES;
				CLANG_WARN_BLOCK_CAPTURE_AUTORELEASING = YES;
				CLANG_WARN_BOOL_CONVERSION = YES;
				CLANG_WARN_COMMA = YES;
				CLANG_WARN_CONSTANT_CONVERSION = YES;
				CLANG_WARN_DEPRECATED_OBJC_IMPLEMENTATIONS = YES;
				CLANG_WARN_DIRECT_OBJC_ISA_USAGE = YES_ERROR;
				CLANG_WARN_DOCUMENTATION_COMMENTS = YES;
				CLANG_WARN_EMPTY_BODY = YES;
				CLANG_WARN_ENUM_CONVERSION = YES;
				CLANG_WARN_INFINITE_RECURSION = YES;
				CLANG_WARN_INT_CONVERSION = YES;
				CLANG_WARN_NON_LITERAL_NULL_CONVERSION = YES;
				CLANG_WARN_OBJC_IMPLICIT_RETAIN_SELF = YES;
				CLANG_WARN_OBJC_LITERAL_CONVERSION = YES;
				CLANG_WARN_OBJC_ROOT_CLASS = YES_ERROR;
				CLANG_WARN_QUOTED_INCLUDE_IN_FRAMEWORK_HEADER = YES;
				CLANG_WARN_RANGE_LOOP_ANALYSIS = YES;
				CLANG_WARN_STRICT_PROTOTYPES = YES;
				CLANG_WARN_SUSPICIOUS_MOVE = YES;
				CLANG_WARN_UNGUARDED_AVAILABILITY = YES_AGGRESSIVE;
				CLANG_WARN_UNREACHABLE_CODE = YES;
				CLANG_WARN__DUPLICATE_METHOD_MATCH = YES;
				COPY_PHASE_STRIP = NO;
				DEBUG_INFORMATION_FORMAT = dwarf;
				ENABLE_STRICT_OBJC_MSGSEND = YES;
				ENABLE_TESTABILITY = YES;
				ENABLE_USER_SCRIPT_SANDBOXING = YES;
				GCC_C_LANGUAGE_STANDARD = gnu17;
				GCC_DYNAMIC_NO_PIC = NO;
				GCC_NO_COMMON_BLOCKS = YES;
				GCC_OPTIMIZATION_LEVEL = 0;
				GCC_PREPROCESSOR_DEFINITIONS = (
					"DEBUG=1",
					"$(inherited)",
				);
				GCC_WARN_64_TO_32_BIT_CONVERSION = YES;
				GCC_WARN_ABOUT_RETURN_TYPE = YES_ERROR;
				GCC_WARN_UNDECLARED_SELECTOR = YES;
				GCC_WARN_UNINITIALIZED_AUTOS = YES_AGGRESSIVE;
				GCC_WARN_UNUSED_FUNCTION = YES;
				GCC_WARN_UNUSED_VARIABLE = YES;
				IPHONEOS_DEPLOYMENT_TARGET = 18.5;
				LOCALIZATION_PREFERS_STRING_CATALOGS = YES;
				MTL_ENABLE_DEBUG_INFO = INCLUDE_SOURCE;
				MTL_FAST_MATH = YES;
				ONLY_ACTIVE_ARCH = YES;
				SDKROOT = iphoneos;
				SWIFT_ACTIVE_COMPILATION_CONDITIONS = "DEBUG $(inherited)";
				SWIFT_OPTIMIZATION_LEVEL = "-Onone";
			};
			name = Debug;
		};
		7FFBF9092EACDC7500844BE1 /* Release */ = {
			isa = XCBuildConfiguration;
			buildSettings = {
				ALWAYS_SEARCH_USER_PATHS = NO;
				ASSETCATALOG_COMPILER_GENERATE_SWIFT_ASSET_SYMBOL_EXTENSIONS = YES;
				CLANG_ANALYZER_NONNULL = YES;
				CLANG_ANALYZER_NUMBER_OBJECT_CONVERSION = YES_AGGRESSIVE;
				CLANG_CXX_LANGUAGE_STANDARD = "gnu++20";
				CLANG_ENABLE_MODULES = YES;
				CLANG_ENABLE_OBJC_ARC = YES;
				CLANG_ENABLE_OBJC_WEAK = YES;
				CLANG_WARN_BLOCK_CAPTURE_AUTORELEASING = YES;
				CLANG_WARN_BOOL_CONVERSION = YES;
				CLANG_WARN_COMMA = YES;
				CLANG_WARN_CONSTANT_CONVERSION = YES;
				CLANG_WARN_DEPRECATED_OBJC_IMPLEMENTATIONS = YES;
				CLANG_WARN_DIRECT_OBJC_ISA_USAGE = YES_ERROR;
				CLANG_WARN_DOCUMENTATION_COMMENTS = YES;
				CLANG_WARN_EMPTY_BODY = YES;
				CLANG_WARN_ENUM_CONVERSION = YES;
				CLANG_WARN_INFINITE_RECURSION = YES;
				CLANG_WARN_INT_CONVERSION = YES;
				CLANG_WARN_NON_LITERAL_NULL_CONVERSION = YES;
				CLANG_WARN_OBJC_IMPLICIT_RETAIN_SELF = YES;
				CLANG_WARN_OBJC_LITERAL_CONVERSION = YES;
				CLANG_WARN_OBJC_ROOT_CLASS = YES_ERROR;
				CLANG_WARN_QUOTED_INCLUDE_IN_FRAMEWORK_HEADER = YES;
				CLANG_WARN_RANGE_LOOP_ANALYSIS = YES;
				CLANG_WARN_STRICT_PROTOTYPES = YES;
				CLANG_WARN_SUSPICIOUS_MOVE = YES;
				CLANG_WARN_UNGUARDED_AVAILABILITY = YES_AGGRESSIVE;
				CLANG_WARN_UNREACHABLE_CODE = YES;
				CLANG_WARN__DUPLICATE_METHOD_MATCH = YES;
				COPY_PHASE_STRIP = NO;
				DEBUG_INFORMATION_FORMAT = "dwarf-with-dsym";
				ENABLE_NS_ASSERTIONS = NO;
				ENABLE_STRICT_OBJC_MSGSEND = YES;
				ENABLE_USER_SCRIPT_SANDBOXING = YES;
				GCC_C_LANGUAGE_STANDARD = gnu17;
				GCC_NO_COMMON_BLOCKS = YES;
				GCC_WARN_64_TO_32_BIT_CONVERSION = YES;
				GCC_WARN_ABOUT_RETURN_TYPE = YES_ERROR;
				GCC_WARN_UNDECLARED_SELECTOR = YES;
				GCC_WARN_UNINITIALIZED_AUTOS = YES_AGGRESSIVE;
				GCC_WARN_UNUSED_FUNCTION = YES;
				GCC_WARN_UNUSED_VARIABLE = YES;
				IPHONEOS_DEPLOYMENT_TARGET = 18.5;
				LOCALIZATION_PREFERS_STRING_CATALOGS = YES;
				MTL_ENABLE_DEBUG_INFO = NO;
				MTL_FAST_MATH = YES;
				SDKROOT = iphoneos;
				SWIFT_COMPILATION_MODE = wholemodule;
				VALIDATE_PRODUCT = YES;
			};
			name = Release;
		};
		7FFBF90B2EACDC7500844BE1 /* Debug */ = {
			isa = XCBuildConfiguration;
			buildSettings = {
				BUNDLE_LOADER = "$(TEST_HOST)";
				CODE_SIGN_STYLE = Automatic;
				CURRENT_PROJECT_VERSION = 1;
				GENERATE_INFOPLIST_FILE = YES;
				IPHONEOS_DEPLOYMENT_TARGET = 18.5;
				MARKETING_VERSION = 1.0;
				PRODUCT_BUNDLE_IDENTIFIER = app.myoji.nikname.sampleProjectFileTests;
				PRODUCT_NAME = "$(TARGET_NAME)";
				SWIFT_EMIT_LOC_STRINGS = NO;
				SWIFT_VERSION = 5.0;
				TARGETED_DEVICE_FAMILY = "1,2";
				TEST_HOST = "$(BUILT_PRODUCTS_DIR)/sampleProjectFile.app/$(BUNDLE_EXECUTABLE_FOLDER_PATH)/sampleProjectFile";
			};
			name = Debug;
		};
		7FFBF90C2EACDC7500844BE1 /* Release */ = {
			isa = XCBuildConfiguration;
			buildSettings = {
				BUNDLE_LOADER = "$(TEST_HOST)";
				CODE_SIGN_STYLE = Automatic;
				CURRENT_PROJECT_VERSION = 1;
				GENERATE_INFOPLIST_FILE = YES;
				IPHONEOS_DEPLOYMENT_TARGET = 18.5;
				MARKETING_VERSION = 1.0;
				PRODUCT_BUNDLE_IDENTIFIER = app.myoji.nikname.sampleProjectFileTests;
				PRODUCT_NAME = "$(TARGET_NAME)";
				SWIFT_EMIT_LOC_STRINGS = NO;
				SWIFT_VERSION = 5.0;
				TARGETED_DEVICE_FAMILY = "1,2";
				TEST_HOST = "$(BUILT_PRODUCTS_DIR)/sampleProjectFile.app/$(BUNDLE_EXECUTABLE_FOLDER_PATH)/sampleProjectFile";
			};
			name = Release;
		};
		7FFBF90E2EACDC7500844BE1 /* Debug */ = {
			isa = XCBuildConfiguration;
			buildSettings = {
				CODE_SIGN_STYLE = Automatic;
				CURRENT_PROJECT_VERSION = 1;
				GENERATE_INFOPLIST_FILE = YES;
				MARKETING_VERSION = 1.0;
				PRODUCT_BUNDLE_IDENTIFIER = app.myoji.nikname.sampleProjectFileUITests;
				PRODUCT_NAME = "$(TARGET_NAME)";
				SWIFT_EMIT_LOC_STRINGS = NO;
				SWIFT_VERSION = 5.0;
				TARGETED_DEVICE_FAMILY = "1,2";
				TEST_TARGET_NAME = sampleProjectFile;
			};
			name = Debug;
		};
		7FFBF90F2EACDC7500844BE1 /* Release */ = {
			isa = XCBuildConfiguration;
			buildSettings = {
				CODE_SIGN_STYLE = Automatic;
				CURRENT_PROJECT_VERSION = 1;
				GENERATE_INFOPLIST_FILE = YES;
				MARKETING_VERSION = 1.0;
				PRODUCT_BUNDLE_IDENTIFIER = app.myoji.nikname.sampleProjectFileUITests;
				PRODUCT_NAME = "$(TARGET_NAME)";
				SWIFT_EMIT_LOC_STRINGS = NO;
				SWIFT_VERSION = 5.0;
				TARGETED_DEVICE_FAMILY = "1,2";
				TEST_TARGET_NAME = sampleProjectFile;
			};
			name = Release;
		};
/* End XCBuildConfiguration section */

/* Begin XCConfigurationList section */
		7FFBF8D72EACDC7300844BE1 /* Build configuration list for PBXProject "sampleProjectFile" */ = {
			isa = XCConfigurationList;
			buildConfigurations = (
				7FFBF9082EACDC7500844BE1 /* Debug */,
				7FFBF9092EACDC7500844BE1 /* Release */,
			);
			defaultConfigurationIsVisible = 0;
			defaultConfigurationName = Release;
		};
		7FFBF9052EACDC7500844BE1 /* Build configuration list for PBXNativeTarget "sampleProjectFile" */ = {
			isa = XCConfigurationList;
			buildConfigurations = (
				7FFBF9062EACDC7500844BE1 /* Debug */,
				7FFBF9072EACDC7500844BE1 /* Release */,
			);
			defaultConfigurationIsVisible = 0;
			defaultConfigurationName = Release;
		};
		7FFBF90A2EACDC7500844BE1 /* Build configuration list for PBXNativeTarget "sampleProjectFileTests" */ = {
			isa = XCConfigurationList;
			buildConfigurations = (
				7FFBF90B2EACDC7500844BE1 /* Debug */,
				7FFBF90C2EACDC7500844BE1 /* Release */,
			);
			defaultConfigurationIsVisible = 0;
			defaultConfigurationName = Release;
		};
		7FFBF90D2EACDC7500844BE1 /* Build configuration list for PBXNativeTarget "sampleProjectFileUITests" */ = {
			isa = XCConfigurationList;
			buildConfigurations = (
				7FFBF90E2EACDC7500844BE1 /* Debug */,
				7FFBF90F2EACDC7500844BE1 /* Release */,
			);
			defaultConfigurationIsVisible = 0;
			defaultConfigurationName = Release;
		};
/* End XCConfigurationList section */
	};
	rootObject = 7FFBF8D42EACDC7300844BE1 /* Project object */;
}
